
Microsoft Visual Studio Solution File, Format Version 12.00
# Visual Studio 15
Project("{FAE04EC0-301F-11D3-BF4B-00C04F79EFBC}") = "Unity-WebView", "Unity-WebView.csproj", "{726286A3-E739-6FB8-51FB-0AFD703A7EC3}"
EndProject
Project("{FAE04EC0-301F-11D3-BF4B-00C04F79EFBC}") = "Unity-WebView.Plugins", "Unity-WebView.Plugins.csproj", "{8888260F-78FD-F431-9A08-A93A669E1628}"
EndProject
Global
	GlobalSection(SolutionConfigurationPlatforms) = preSolution
		Debug|Any CPU = Debug|Any CPU
		Release|Any CPU = Release|Any CPU
	EndGlobalSection
	GlobalSection(ProjectConfigurationPlatforms) = postSolution
		{726286A3-E739-6FB8-51FB-0AFD703A7EC3}.Debug|Any CPU.ActiveCfg = Debug|Any CPU
		{726286A3-E739-6FB8-51FB-0AFD703A7EC3}.Debug|Any CPU.Build.0 = Debug|Any CPU
		{726286A3-E739-6FB8-51FB-0AFD703A7EC3}.Release|Any CPU.ActiveCfg = Release|Any CPU
		{726286A3-E739-6FB8-51FB-0AFD703A7EC3}.Release|Any CPU.Build.0 = Release|Any CPU
		{8888260F-78FD-F431-9A08-A93A669E1628}.Debug|Any CPU.ActiveCfg = Debug|Any CPU
		{8888260F-78FD-F431-9A08-A93A669E1628}.Debug|Any CPU.Build.0 = Debug|Any CPU
		{8888260F-78FD-F431-9A08-A93A669E1628}.Release|Any CPU.ActiveCfg = Release|Any CPU
		{8888260F-78FD-F431-9A08-A93A669E1628}.Release|Any CPU.Build.0 = Release|Any CPU
	EndGlobalSection
	GlobalSection(SolutionProperties) = preSolution
		HideSolutionNode = FALSE
	EndGlobalSection
EndGlobal
